
Microsoft Visual Studio Solution File, Format Version 12.00
# Visual Studio 15
VisualStudioVersion = 15.0.28307.271
MinimumVisualStudioVersion = 10.0.40219.1
Project("{FAE04EC0-301F-11D3-BF4B-00C04F79EFBC}") = "Win32.TokenPrivileges", "src\lib\Win32.TokenPrivileges\Win32.TokenPrivileges.csproj", "{265650AC-FCBD-494C-B140-5844AE7408D6}"
EndProject
Project("{FAE04EC0-301F-11D3-BF4B-00C04F79EFBC}") = "Win32.TokenPrivileges.Tests", "src\test\Win32.TokenPrivileges.Tests\Win32.TokenPrivileges.Tests.csproj", "{F48BEC32-F449-481F-96F5-C10E81757DE4}"
EndProject
Project("{2150E333-8FDC-42A3-9474-1A3956D46DE8}") = "Solution Items", "Solution Items", "{DA0D5B7D-13B4-4083-B9C5-24AB68F1396D}"
	ProjectSection(SolutionItems) = preProject
		build.fsx = build.fsx
	EndProjectSection
EndProject
Global
	GlobalSection(SolutionConfigurationPlatforms) = preSolution
		Debug|Any CPU = Debug|Any CPU
		Release|Any CPU = Release|Any CPU
	EndGlobalSection
	GlobalSection(ProjectConfigurationPlatforms) = postSolution
		{265650AC-FCBD-494C-B140-5844AE7408D6}.Debug|Any CPU.ActiveCfg = Debug|Any CPU
		{265650AC-FCBD-494C-B140-5844AE7408D6}.Debug|Any CPU.Build.0 = Debug|Any CPU
		{265650AC-FCBD-494C-B140-5844AE7408D6}.Release|Any CPU.ActiveCfg = Release|Any CPU
		{265650AC-FCBD-494C-B140-5844AE7408D6}.Release|Any CPU.Build.0 = Release|Any CPU
		{F48BEC32-F449-481F-96F5-C10E81757DE4}.Debug|Any CPU.ActiveCfg = Debug|Any CPU
		{F48BEC32-F449-481F-96F5-C10E81757DE4}.Debug|Any CPU.Build.0 = Debug|Any CPU
		{F48BEC32-F449-481F-96F5-C10E81757DE4}.Release|Any CPU.ActiveCfg = Release|Any CPU
		{F48BEC32-F449-481F-96F5-C10E81757DE4}.Release|Any CPU.Build.0 = Release|Any CPU
	EndGlobalSection
	GlobalSection(SolutionProperties) = preSolution
		HideSolutionNode = FALSE
	EndGlobalSection
	GlobalSection(ExtensibilityGlobals) = postSolution
		SolutionGuid = {EE10B82C-B49F-410E-9BBE-9A8E1EEA4C6A}
	EndGlobalSection
EndGlobal
